
Microsoft Visual Studio Solution File, Format Version 12.00
# Visual Studio Version 17
VisualStudioVersion = 17.2.32616.157
MinimumVisualStudioVersion = 10.0.40219.1
Project("{9A19103F-16F7-4668-BE54-9A1E7A4F7556}") = "FirstConsoleApp", "FirstConsoleApp\FirstConsoleApp.csproj", "{5B88A0B9-AD22-4213-A6A4-2D5A8D3D3957}"
EndProject
Project("{FAE04EC0-301F-11D3-BF4B-00C04F79EFBC}") = "Odev1", "Odev1\Odev1.csproj", "{94E9807B-89B5-4431-B0C5-61930B386C7C}"
EndProject
Project("{FAE04EC0-301F-11D3-BF4B-00C04F79EFBC}") = "Odev2", "Odev2\Odev2.csproj", "{7392E201-D150-46C6-B6B5-8FD7BEC06356}"
EndProject
Global
	GlobalSection(SolutionConfigurationPlatforms) = preSolution
		Debug|Any CPU = Debug|Any CPU
		Release|Any CPU = Release|Any CPU
	EndGlobalSection
	GlobalSection(ProjectConfigurationPlatforms) = postSolution
		{5B88A0B9-AD22-4213-A6A4-2D5A8D3D3957}.Debug|Any CPU.ActiveCfg = Debug|Any CPU
		{5B88A0B9-AD22-4213-A6A4-2D5A8D3D3957}.Debug|Any CPU.Build.0 = Debug|Any CPU
		{5B88A0B9-AD22-4213-A6A4-2D5A8D3D3957}.Release|Any CPU.ActiveCfg = Release|Any CPU
		{5B88A0B9-AD22-4213-A6A4-2D5A8D3D3957}.Release|Any CPU.Build.0 = Release|Any CPU
		{94E9807B-89B5-4431-B0C5-61930B386C7C}.Debug|Any CPU.ActiveCfg = Debug|Any CPU
		{94E9807B-89B5-4431-B0C5-61930B386C7C}.Debug|Any CPU.Build.0 = Debug|Any CPU
		{94E9807B-89B5-4431-B0C5-61930B386C7C}.Release|Any CPU.ActiveCfg = Release|Any CPU
		{94E9807B-89B5-4431-B0C5-61930B386C7C}.Release|Any CPU.Build.0 = Release|Any CPU
		{7392E201-D150-46C6-B6B5-8FD7BEC06356}.Debug|Any CPU.ActiveCfg = Debug|Any CPU
		{7392E201-D150-46C6-B6B5-8FD7BEC06356}.Debug|Any CPU.Build.0 = Debug|Any CPU
		{7392E201-D150-46C6-B6B5-8FD7BEC06356}.Release|Any CPU.ActiveCfg = Release|Any CPU
		{7392E201-D150-46C6-B6B5-8FD7BEC06356}.Release|Any CPU.Build.0 = Release|Any CPU
	EndGlobalSection
	GlobalSection(SolutionProperties) = preSolution
		HideSolutionNode = FALSE
	EndGlobalSection
	GlobalSection(ExtensibilityGlobals) = postSolution
		SolutionGuid = {3537BB56-9D5E-4480-9773-A067AB37B318}
	EndGlobalSection
EndGlobal
